// !$*UTF8*$!
{
	archiveVersion = 1;
	classes = {
	};
	objectVersion = 46;
	objects = {

/* Begin PBXBuildFile section */
		4B5C47591B0C240800E892F8 /* main.m in Sources */ = {isa = PBXBuildFile; fileRef = 4B5C47581B0C240800E892F8 /* main.m */; };
		4B5C475C1B0C240800E892F8 /* AppDelegate.m in Sources */ = {isa = PBXBuildFile; fileRef = 4B5C475B1B0C240800E892F8 /* AppDelegate.m */; };
		4B5C475E1B0C240800E892F8 /* art.scnassets in Resources */ = {isa = PBXBuildFile; fileRef = 4B5C475D1B0C240800E892F8 /* art.scnassets */; };
		4B5C47611B0C240800E892F8 /* GameViewController.m in Sources */ = {isa = PBXBuildFile; fileRef = 4B5C47601B0C240800E892F8 /* GameViewController.m */; };
		4B5C47641B0C240800E892F8 /* Main.storyboard in Resources */ = {isa = PBXBuildFile; fileRef = 4B5C47621B0C240800E892F8 /* Main.storyboard */; };
		4B5C47661B0C240800E892F8 /* Images.xcassets in Resources */ = {isa = PBXBuildFile; fileRef = 4B5C47651B0C240800E892F8 /* Images.xcassets */; };
		4B5C47691B0C240800E892F8 /* LaunchScreen.xib in Resources */ = {isa = PBXBuildFile; fileRef = 4B5C47671B0C240800E892F8 /* LaunchScreen.xib */; };
		4B5C47751B0C240800E892F8 /* Test_ocTests.m in Sources */ = {isa = PBXBuildFile; fileRef = 4B5C47741B0C240800E892F8 /* Test_ocTests.m */; };
/* End PBXBuildFile section */

/* Begin PBXContainerItemProxy section */
		4B5C476F1B0C240800E892F8 /* PBXContainerItemProxy */ = {
			isa = PBXContainerItemProxy;
			containerPortal = 4B5C474B1B0C240800E892F8 /* Project object */;
			proxyType = 1;
			remoteGlobalIDString = 4B5C47521B0C240800E892F8;
			remoteInfo = Test_oc;
		};
/* End PBXContainerItemProxy section */

/* Begin PBXFileReference section */
		4B5C47531B0C240800E892F8 /* Test_oc.app */ = {isa = PBXFileReference; explicitFileType = wrapper.application; includeInIndex = 0; path = Test_oc.app; sourceTree = BUILT_PRODUCTS_DIR; };
		4B5C47571B0C240800E892F8 /* Info.plist */ = {isa = PBXFileReference; lastKnownFileType = text.plist.xml; path = Info.plist; sourceTree = "<group>"; };
		4B5C47581B0C240800E892F8 /* main.m */ = {isa = PBXFileReference; lastKnownFileType = sourcecode.c.objc; path = main.m; sourceTree = "<group>"; };
		4B5C475A1B0C240800E892F8 /* AppDelegate.h */ = {isa = PBXFileReference; lastKnownFileType = sourcecode.c.h; path = AppDelegate.h; sourceTree = "<group>"; };
		4B5C475B1B0C240800E892F8 /* AppDelegate.m */ = {isa = PBXFileReference; lastKnownFileType = sourcecode.c.objc; path = AppDelegate.m; sourceTree = "<group>"; };
		4B5C475D1B0C240800E892F8 /* art.scnassets */ = {isa = PBXFileReference; lastKnownFileType = wrapper.scnassets; path = art.scnassets; sourceTree = "<group>"; };
		4B5C475F1B0C240800E892F8 /* GameViewController.h */ = {isa = PBXFileReference; lastKnownFileType = sourcecode.c.h; path = GameViewController.h; sourceTree = "<group>"; };
		4B5C47601B0C240800E892F8 /* GameViewController.m */ = {isa = PBXFileReference; lastKnownFileType = sourcecode.c.objc; path = GameViewController.m; sourceTree = "<group>"; };
		4B5C47631B0C240800E892F8 /* Base */ = {isa = PBXFileReference; lastKnownFileType = file.storyboard; name = Base; path = Base.lproj/Main.storyboard; sourceTree = "<group>"; };
		4B5C47651B0C240800E892F8 /* Images.xcassets */ = {isa = PBXFileReference; lastKnownFileType = folder.assetcatalog; path = Images.xcassets; sourceTree = "<group>"; };
		4B5C47681B0C240800E892F8 /* Base */ = {isa = PBXFileReference; lastKnownFileType = file.xib; name = Base; path = Base.lproj/LaunchScreen.xib; sourceTree = "<group>"; };
		4B5C476E1B0C240800E892F8 /* Test_ocTests.xctest */ = {isa = PBXFileReference; explicitFileType = wrapper.cfbundle; includeInIndex = 0; path = Test_ocTests.xctest; sourceTree = BUILT_PRODUCTS_DIR; };
		4B5C47731B0C240800E892F8 /* Info.plist */ = {isa = PBXFileReference; lastKnownFileType = text.plist.xml; path = Info.plist; sourceTree = "<group>"; };
		4B5C47741B0C240800E892F8 /* Test_ocTests.m */ = {isa = PBXFileReference; lastKnownFileType = sourcecode.c.objc; path = Test_ocTests.m; sourceTree = "<group>"; };
/* End PBXFileReference section */

/* Begin PBXFrameworksBuildPhase section */
		4B5C47501B0C240800E892F8 /* Frameworks */ = {
			isa = PBXFrameworksBuildPhase;
			buildActionMask = 2147483647;
			files = (
			);
			runOnlyForDeploymentPostprocessing = 0;
		};
		4B5C476B1B0C240800E892F8 /* Frameworks */ = {
			isa = PBXFrameworksBuildPhase;
			buildActionMask = 2147483647;
			files = (
			);
			runOnlyForDeploymentPostprocessing = 0;
		};
/* End PBXFrameworksBuildPhase section */

/* Begin PBXGroup section */
		4B5C474A1B0C240800E892F8 = {
			isa = PBXGroup;
			children = (
				4B5C47551B0C240800E892F8 /* Test_oc */,
				4B5C47711B0C240800E892F8 /* Test_ocTests */,
				4B5C47541B0C240800E892F8 /* Products */,
			);
			sourceTree = "<group>";
		};
		4B5C47541B0C240800E892F8 /* Products */ = {
			isa = PBXGroup;
			children = (
				4B5C47531B0C240800E892F8 /* Test_oc.app */,
				4B5C476E1B0C240800E892F8 /* Test_ocTests.xctest */,
			);
			name = Products;
			sourceTree = "<group>";
		};
		4B5C47551B0C240800E892F8 /* Test_oc */ = {
			isa = PBXGroup;
			children = (
				4B5C475A1B0C240800E892F8 /* AppDelegate.h */,
				4B5C475B1B0C240800E892F8 /* AppDelegate.m */,
				4B5C475D1B0C240800E892F8 /* art.scnassets */,
				4B5C475F1B0C240800E892F8 /* GameViewController.h */,
				4B5C47601B0C240800E892F8 /* GameViewController.m */,
				4B5C47621B0C240800E892F8 /* Main.storyboard */,
				4B5C47651B0C240800E892F8 /* Images.xcassets */,
				4B5C47671B0C240800E892F8 /* LaunchScreen.xib */,
				4B5C47561B0C240800E892F8 /* Supporting Files */,
			);
			path = Test_oc;
			sourceTree = "<group>";
		};
		4B5C47561B0C240800E892F8 /* Supporting Files */ = {
			isa = PBXGroup;
			children = (
				4B5C47571B0C240800E892F8 /* Info.plist */,
				4B5C47581B0C240800E892F8 /* main.m */,
			);
			name = "Supporting Files";
			sourceTree = "<group>";
		};
		4B5C47711B0C240800E892F8 /* Test_ocTests */ = {
			isa = PBXGroup;
			children = (
				4B5C47741B0C240800E892F8 /* Test_ocTests.m */,
				4B5C47721B0C240800E892F8 /* Supporting Files */,
			);
			path = Test_ocTests;
			sourceTree = "<group>";
		};
		4B5C47721B0C240800E892F8 /* Supporting Files */ = {
			isa = PBXGroup;
			children = (
				4B5C47731B0C240800E892F8 /* Info.plist */,
			);
			name = "Supporting Files";
			sourceTree = "<group>";
		};
/* End PBXGroup section */

/* Begin PBXNativeTarget section */
		4B5C47521B0C240800E892F8 /* Test_oc */ = {
			isa = PBXNativeTarget;
			buildConfigurationList = 4B5C47781B0C240800E892F8 /* Build configuration list for PBXNativeTarget "Test_oc" */;
			buildPhases = (
				4B5C474F1B0C240800E892F8 /* Sources */,
				4B5C47501B0C240800E892F8 /* Frameworks */,
				4B5C47511B0C240800E892F8 /* Resources */,
			);
			buildRules = (
			);
			dependencies = (
			);
			name = Test_oc;
			productName = Test_oc;
			productReference = 4B5C47531B0C240800E892F8 /* Test_oc.app */;
			productType = "com.apple.product-type.application";
		};
		4B5C476D1B0C240800E892F8 /* Test_ocTests */ = {
			isa = PBXNativeTarget;
			buildConfigurationList = 4B5C477B1B0C240800E892F8 /* Build configuration list for PBXNativeTarget "Test_ocTests" */;
			buildPhases = (
				4B5C476A1B0C240800E892F8 /* Sources */,
				4B5C476B1B0C240800E892F8 /* Frameworks */,
				4B5C476C1B0C240800E892F8 /* Resources */,
			);
			buildRules = (
			);
			dependencies = (
				4B5C47701B0C240800E892F8 /* PBXTargetDependency */,
			);
			name = Test_ocTests;
			productName = Test_ocTests;
			productReference = 4B5C476E1B0C240800E892F8 /* Test_ocTests.xctest */;
			productType = "com.apple.product-type.bundle.unit-test";
		};
/* End PBXNativeTarget section */

/* Begin PBXProject section */
		4B5C474B1B0C240800E892F8 /* Project object */ = {
			isa = PBXProject;
			attributes = {
				LastUpgradeCheck = 0630;
				ORGANIZATIONNAME = yun;
				TargetAttributes = {
					4B5C47521B0C240800E892F8 = {
						CreatedOnToolsVersion = 6.3.1;
					};
					4B5C476D1B0C240800E892F8 = {
						CreatedOnToolsVersion = 6.3.1;
						TestTargetID = 4B5C47521B0C240800E892F8;
					};
				};
			};
			buildConfigurationList = 4B5C474E1B0C240800E892F8 /* Build configuration list for PBXProject "Test_oc" */;
			compatibilityVersion = "Xcode 3.2";
			developmentRegion = English;
			hasScannedForEncodings = 0;
			knownRegions = (
				en,
				Base,
			);
			mainGroup = 4B5C474A1B0C240800E892F8;
			productRefGroup = 4B5C47541B0C240800E892F8 /* Products */;
			projectDirPath = "";
			projectRoot = "";
			targets = (
				4B5C47521B0C240800E892F8 /* Test_oc */,
				4B5C476D1B0C240800E892F8 /* Test_ocTests */,
			);
		};
/* End PBXProject section */

/* Begin PBXResourcesBuildPhase section */
		4B5C47511B0C240800E892F8 /* Resources */ = {
			isa = PBXResourcesBuildPhase;
			buildActionMask = 2147483647;
			files = (
				4B5C47691B0C240800E892F8 /* LaunchScreen.xib in Resources */,
				4B5C47661B0C240800E892F8 /* Images.xcassets in Resources */,
				4B5C475E1B0C240800E892F8 /* art.scnassets in Resources */,
				4B5C47641B0C240800E892F8 /* Main.storyboard in Resources */,
			);
			runOnlyForDeploymentPostprocessing = 0;
		};
		4B5C476C1B0C240800E892F8 /* Resources */ = {
			isa = PBXResourcesBuildPhase;
			buildActionMask = 2147483647;
			files = (
			);
			runOnlyForDeploymentPostprocessing = 0;
		};
/* End PBXResourcesBuildPhase section */

/* Begin PBXSourcesBuildPhase section */
		4B5C474F1B0C240800E892F8 /* Sources */ = {
			isa = PBXSourcesBuildPhase;
			buildActionMask = 2147483647;
			files = (
				4B5C475C1B0C240800E892F8 /* AppDelegate.m in Sources */,
				4B5C47611B0C240800E892F8 /* GameViewController.m in Sources */,
				4B5C47591B0C240800E892F8 /* main.m in Sources */,
			);
			runOnlyForDeploymentPostprocessing = 0;
		};
		4B5C476A1B0C240800E892F8 /* Sources */ = {
			isa = PBXSourcesBuildPhase;
			buildActionMask = 2147483647;
			files = (
				4B5C47751B0C240800E892F8 /* Test_ocTests.m in Sources */,
			);
			runOnlyForDeploymentPostprocessing = 0;
		};
/* End PBXSourcesBuildPhase section */

/* Begin PBXTargetDependency section */
		4B5C47701B0C240800E892F8 /* PBXTargetDependency */ = {
			isa = PBXTargetDependency;
			target = 4B5C47521B0C240800E892F8 /* Test_oc */;
			targetProxy = 4B5C476F1B0C240800E892F8 /* PBXContainerItemProxy */;
		};
/* End PBXTargetDependency section */

/* Begin PBXVariantGroup section */
		4B5C47621B0C240800E892F8 /* Main.storyboard */ = {
			isa = PBXVariantGroup;
			children = (
				4B5C47631B0C240800E892F8 /* Base */,
			);
			name = Main.storyboard;
			sourceTree = "<group>";
		};
		4B5C47671B0C240800E892F8 /* LaunchScreen.xib */ = {
			isa = PBXVariantGroup;
			children = (
				4B5C47681B0C240800E892F8 /* Base */,
			);
			name = LaunchScreen.xib;
			sourceTree = "<group>";
		};
/* End PBXVariantGroup section */

/* Begin XCBuildConfiguration section */
		4B5C47761B0C240800E892F8 /* Debug */ = {
			isa = XCBuildConfiguration;
			buildSettings = {
				ALWAYS_SEARCH_USER_PATHS = NO;
				CLANG_CXX_LANGUAGE_STANDARD = "gnu++0x";
				CLANG_CXX_LIBRARY = "libc++";
				CLANG_ENABLE_MODULES = YES;
				CLANG_ENABLE_OBJC_ARC = YES;
				CLANG_WARN_BOOL_CONVERSION = YES;
				CLANG_WARN_CONSTANT_CONVERSION = YES;
				CLANG_WARN_DIRECT_OBJC_ISA_USAGE = YES_ERROR;
				CLANG_WARN_EMPTY_BODY = YES;
				CLANG_WARN_ENUM_CONVERSION = YES;
				CLANG_WARN_INT_CONVERSION = YES;
				CLANG_WARN_OBJC_ROOT_CLASS = YES_ERROR;
				CLANG_WARN_UNREACHABLE_CODE = YES;
				CLANG_WARN__DUPLICATE_METHOD_MATCH = YES;
				"CODE_SIGN_IDENTITY[sdk=iphoneos*]" = "iPhone Developer";
				COPY_PHASE_STRIP = NO;
				DEBUG_INFORMATION_FORMAT = "dwarf-with-dsym";
				ENABLE_STRICT_OBJC_MSGSEND = YES;
				GCC_C_LANGUAGE_STANDARD = gnu99;
				GCC_DYNAMIC_NO_PIC = NO;
				GCC_NO_COMMON_BLOCKS = YES;
				GCC_OPTIMIZATION_LEVEL = 0;
				GCC_PREPROCESSOR_DEFINITIONS = (
					"DEBUG=1",
					"$(inherited)",
				);
				GCC_SYMBOLS_PRIVATE_EXTERN = NO;
				GCC_WARN_64_TO_32_BIT_CONVERSION = YES;
				GCC_WARN_ABOUT_RETURN_TYPE = YES_ERROR;
				GCC_WARN_UNDECLARED_SELECTOR = YES;
				GCC_WARN_UNINITIALIZED_AUTOS = YES_AGGRESSIVE;
				GCC_WARN_UNUSED_FUNCTION = YES;
				GCC_WARN_UNUSED_VARIABLE = YES;
				IPHONEOS_DEPLOYMENT_TARGET = 8.3;
				MTL_ENABLE_DEBUG_INFO = YES;
				ONLY_ACTIVE_ARCH = YES;
				SDKROOT = iphoneos;
			};
			name = Debug;
		};
		4B5C47771B0C240800E892F8 /* Release */ = {
			isa = XCBuildConfiguration;
			buildSettings = {
				ALWAYS_SEARCH_USER_PATHS = NO;
				CLANG_CXX_LANGUAGE_STANDARD = "gnu++0x";
				CLANG_CXX_LIBRARY = "libc++";
				CLANG_ENABLE_MODULES = YES;
				CLANG_ENABLE_OBJC_ARC = YES;
				CLANG_WARN_BOOL_CONVERSION = YES;
				CLANG_WARN_CONSTANT_CONVERSION = YES;
				CLANG_WARN_DIRECT_OBJC_ISA_USAGE = YES_ERROR;
				CLANG_WARN_EMPTY_BODY = YES;
				CLANG_WARN_ENUM_CONVERSION = YES;
				CLANG_WARN_INT_CONVERSION = YES;
				CLANG_WARN_OBJC_ROOT_CLASS = YES_ERROR;
				CLANG_WARN_UNREACHABLE_CODE = YES;
				CLANG_WARN__DUPLICATE_METHOD_MATCH = YES;
				"CODE_SIGN_IDENTITY[sdk=iphoneos*]" = "iPhone Developer";
				COPY_PHASE_STRIP = NO;
				DEBUG_INFORMATION_FORMAT = "dwarf-with-dsym";
				ENABLE_NS_ASSERTIONS = NO;
				ENABLE_STRICT_OBJC_MSGSEND = YES;
				GCC_C_LANGUAGE_STANDARD = gnu99;
				GCC_NO_COMMON_BLOCKS = YES;
				GCC_WARN_64_TO_32_BIT_CONVERSION = YES;
				GCC_WARN_ABOUT_RETURN_TYPE = YES_ERROR;
				GCC_WARN_UNDECLARED_SELECTOR = YES;
				GCC_WARN_UNINITIALIZED_AUTOS = YES_AGGRESSIVE;
				GCC_WARN_UNUSED_FUNCTION = YES;
				GCC_WARN_UNUSED_VARIABLE = YES;
				IPHONEOS_DEPLOYMENT_TARGET = 8.3;
				MTL_ENABLE_DEBUG_INFO = NO;
				SDKROOT = iphoneos;
				VALIDATE_PRODUCT = YES;
			};
			name = Release;
		};
		4B5C47791B0C240800E892F8 /* Debug */ = {
			isa = XCBuildConfiguration;
			buildSettings = {
				ASSETCATALOG_COMPILER_APPICON_NAME = AppIcon;
				INFOPLIST_FILE = Test_oc/Info.plist;
				LD_RUNPATH_SEARCH_PATHS = "$(inherited) @executable_path/Frameworks";
				PRODUCT_NAME = "$(TARGET_NAME)";
			};
			name = Debug;
		};
		4B5C477A1B0C240800E892F8 /* Release */ = {
			isa = XCBuildConfiguration;
			buildSettings = {
				ASSETCATALOG_COMPILER_APPICON_NAME = AppIcon;
				INFOPLIST_FILE = Test_oc/Info.plist;
				LD_RUNPATH_SEARCH_PATHS = "$(inherited) @executable_path/Frameworks";
				PRODUCT_NAME = "$(TARGET_NAME)";
			};
			name = Release;
		};
		4B5C477C1B0C240800E892F8 /* Debug */ = {
			isa = XCBuildConfiguration;
			buildSettings = {
				BUNDLE_LOADER = "$(TEST_HOST)";
				FRAMEWORK_SEARCH_PATHS = (
					"$(SDKROOT)/Developer/Library/Frameworks",
					"$(inherited)",
				);
				GCC_PREPROCESSOR_DEFINITIONS = (
					"DEBUG=1",
					"$(inherited)",
				);
				INFOPLIST_FILE = Test_ocTests/Info.plist;
				LD_RUNPATH_SEARCH_PATHS = "$(inherited) @executable_path/Frameworks @loader_path/Frameworks";
				PRODUCT_NAME = "$(TARGET_NAME)";
				TEST_HOST = "$(BUILT_PRODUCTS_DIR)/Test_oc.app/Test_oc";
			};
			name = Debug;
		};
		4B5C477D1B0C240800E892F8 /* Release */ = {
			isa = XCBuildConfiguration;
			buildSettings = {
				BUNDLE_LOADER = "$(TEST_HOST)";
				FRAMEWORK_SEARCH_PATHS = (
					"$(SDKROOT)/Developer/Library/Frameworks",
					"$(inherited)",
				);
				INFOPLIST_FILE = Test_ocTests/Info.plist;
				LD_RUNPATH_SEARCH_PATHS = "$(inherited) @executable_path/Frameworks @loader_path/Frameworks";
				PRODUCT_NAME = "$(TARGET_NAME)";
				TEST_HOST = "$(BUILT_PRODUCTS_DIR)/Test_oc.app/Test_oc";
			};
			name = Release;
		};
/* End XCBuildConfiguration section */

/* Begin XCConfigurationList section */
		4B5C474E1B0C240800E892F8 /* Build configuration list for PBXProject "Test_oc" */ = {
			isa = XCConfigurationList;
			buildConfigurations = (
				4B5C47761B0C240800E892F8 /* Debug */,
				4B5C47771B0C240800E892F8 /* Release */,
			);
			defaultConfigurationIsVisible = 0;
			defaultConfigurationName = Release;
		};
		4B5C47781B0C240800E892F8 /* Build configuration list for PBXNativeTarget "Test_oc" */ = {
			isa = XCConfigurationList;
			buildConfigurations = (
				4B5C47791B0C240800E892F8 /* Debug */,
				4B5C477A1B0C240800E892F8 /* Release */,
			);
			defaultConfigurationIsVisible = 0;
		};
		4B5C477B1B0C240800E892F8 /* Build configuration list for PBXNativeTarget "Test_ocTests" */ = {
			isa = XCConfigurationList;
			buildConfigurations = (
				4B5C477C1B0C240800E892F8 /* Debug */,
				4B5C477D1B0C240800E892F8 /* Release */,
			);
			defaultConfigurationIsVisible = 0;
		};
/* End XCConfigurationList section */
	};
	rootObject = 4B5C474B1B0C240800E892F8 /* Project object */;
}
